{
  "version": "4",
  "specifiers": {
    "jsr:@deno/otel@0.0.2": "0.0.2",
    "jsr:@std/async@*": "1.0.9",
    "jsr:@std/bytes@^1.0.3": "1.0.4",
    "jsr:@std/datetime@*": "0.225.3",
    "jsr:@std/fmt@^1.0.4": "1.0.4",
    "jsr:@std/fs@*": "1.0.8",
    "jsr:@std/fs@^1.0.9": "1.0.9",
    "jsr:@std/io@0.225": "0.225.0",
    "jsr:@std/log@~0.224.13": "0.224.13",
    "jsr:@std/path@^1.0.8": "1.0.8",
    "jsr:@std/streams@*": "1.0.8",
    "npm:@opentelemetry/api@1": "1.9.0",
    "npm:@opentelemetry/api@^1.9.0": "1.9.0",
    "npm:@opentelemetry/auto-instrumentations-web@*": "0.45.0_@opentelemetry+api@1.9.0_zone.js@0.15.0",
    "npm:@opentelemetry/context-zone@*": "1.30.0_@opentelemetry+api@1.9.0_zone.js@0.15.0",
    "npm:@opentelemetry/exporter-collector@*": "0.25.0_@opentelemetry+api@1.9.0",
    "npm:@opentelemetry/instrumentation@*": "0.57.0_@opentelemetry+api@1.9.0",
    "npm:@opentelemetry/propagator-b3@*": "1.30.0_@opentelemetry+api@1.9.0",
    "npm:@opentelemetry/sdk-trace-base@*": "1.30.0_@opentelemetry+api@1.9.0",
    "npm:@opentelemetry/sdk-trace-base@1": "1.30.0_@opentelemetry+api@1.9.0",
    "npm:@opentelemetry/sdk-trace-web@*": "1.30.0_@opentelemetry+api@1.9.0",
    "npm:chalk@^5.4.1": "5.4.1",
    "npm:jsdom@*": "26.0.0",
    "npm:marked@^15.0.6": "15.0.6",
    "npm:mysql2@^3.12.0": "3.12.0"
  },
  "jsr": {
    "@deno/otel@0.0.2": {
      "integrity": "4ef61b7eb1c4063f8224d66fc43f25e428a566d2e18785d0dc67bb70a318f0ff",
      "dependencies": [
        "npm:@opentelemetry/api@1",
        "npm:@opentelemetry/sdk-trace-base@1"
      ]
    },
    "@std/async@1.0.9": {
      "integrity": "c6472fd0623b3f3daae023cdf7ca5535e1b721dfbf376562c0c12b3fb4867f91"
    },
    "@std/bytes@1.0.4": {
      "integrity": "11a0debe522707c95c7b7ef89b478c13fb1583a7cfb9a85674cd2cc2e3a28abc"
    },
    "@std/datetime@0.225.3": {
      "integrity": "fda0b7791b43d9a46764986fec39922a8ceb70ffca642651fa7d0683501a171a"
    },
    "@std/fmt@1.0.4": {
      "integrity": "e14fe5bedee26f80877e6705a97a79c7eed599e81bb1669127ef9e8bc1e29a74"
    },
    "@std/fs@1.0.8": {
      "integrity": "161c721b6f9400b8100a851b6f4061431c538b204bb76c501d02c508995cffe0",
      "dependencies": [
        "jsr:@std/path"
      ]
    },
    "@std/fs@1.0.9": {
      "integrity": "3eef7e3ed3d317b29432c7dcb3b20122820dbc574263f721cb0248ad91bad890"
    },
    "@std/io@0.225.0": {
      "integrity": "c1db7c5e5a231629b32d64b9a53139445b2ca640d828c26bf23e1c55f8c079b3"
    },
    "@std/log@0.224.13": {
      "integrity": "f04d82f676c9eb4306194ca166d296d9f1456fe4b7edf2a404a0d55c94d31df7",
      "dependencies": [
        "jsr:@std/fmt",
        "jsr:@std/fs@^1.0.9",
        "jsr:@std/io"
      ]
    },
    "@std/path@1.0.8": {
      "integrity": "548fa456bb6a04d3c1a1e7477986b6cffbce95102d0bb447c67c4ee70e0364be"
    },
    "@std/streams@1.0.8": {
      "integrity": "b41332d93d2cf6a82fe4ac2153b930adf1a859392931e2a19d9fabfb6f154fb3",
      "dependencies": [
        "jsr:@std/bytes"
      ]
    }
  },
  "npm": {
    "@asamuzakjp/css-color@2.8.2_@csstools+css-parser-algorithms@3.0.4__@csstools+css-tokenizer@3.0.3_@csstools+css-tokenizer@3.0.3": {
      "integrity": "sha512-RtWv9jFN2/bLExuZgFFZ0I3pWWeezAHGgrmjqGGWclATl1aDe3yhCUaI0Ilkp6OCk9zX7+FjvDasEX8Q9Rxc5w==",
      "dependencies": [
        "@csstools/css-calc",
        "@csstools/css-color-parser",
        "@csstools/css-parser-algorithms",
        "@csstools/css-tokenizer",
        "lru-cache@11.0.2"
      ]
    },
    "@csstools/color-helpers@5.0.1": {
      "integrity": "sha512-MKtmkA0BX87PKaO1NFRTFH+UnkgnmySQOvNxJubsadusqPEC2aJ9MOQiMceZJJ6oitUl/i0L6u0M1IrmAOmgBA=="
    },
    "@csstools/css-calc@2.1.1_@csstools+css-parser-algorithms@3.0.4__@csstools+css-tokenizer@3.0.3_@csstools+css-tokenizer@3.0.3": {
      "integrity": "sha512-rL7kaUnTkL9K+Cvo2pnCieqNpTKgQzy5f+N+5Iuko9HAoasP+xgprVh7KN/MaJVvVL1l0EzQq2MoqBHKSrDrag==",
      "dependencies": [
        "@csstools/css-parser-algorithms",
        "@csstools/css-tokenizer"
      ]
    },
    "@csstools/css-color-parser@3.0.7_@csstools+css-parser-algorithms@3.0.4__@csstools+css-tokenizer@3.0.3_@csstools+css-tokenizer@3.0.3": {
      "integrity": "sha512-nkMp2mTICw32uE5NN+EsJ4f5N+IGFeCFu4bGpiKgb2Pq/7J/MpyLBeQ5ry4KKtRFZaYs6sTmcMYrSRIyj5DFKA==",
      "dependencies": [
        "@csstools/color-helpers",
        "@csstools/css-calc",
        "@csstools/css-parser-algorithms",
        "@csstools/css-tokenizer"
      ]
    },
    "@csstools/css-parser-algorithms@3.0.4_@csstools+css-tokenizer@3.0.3": {
      "integrity": "sha512-Up7rBoV77rv29d3uKHUIVubz1BTcgyUK72IvCQAbfbMv584xHcGKCKbWh7i8hPrRJ7qU4Y8IO3IY9m+iTB7P3A==",
      "dependencies": [
        "@csstools/css-tokenizer"
      ]
    },
    "@csstools/css-tokenizer@3.0.3": {
      "integrity": "sha512-UJnjoFsmxfKUdNYdWgOB0mWUypuLvAfQPH1+pyvRJs6euowbFkFC6P13w1l8mJyi3vxYMxc9kld5jZEGRQs6bw=="
    },
    "@opentelemetry/api-logs@0.57.0": {
      "integrity": "sha512-l1aJ30CXeauVYaI+btiynHpw341LthkMTv3omi1VJDX14werY2Wmv9n1yudMsq9HuY0m8PvXEVX4d8zxEb+WRg==",
      "dependencies": [
        "@opentelemetry/api"
      ]
    },
    "@opentelemetry/api-metrics@0.25.0_@opentelemetry+api@1.9.0": {
      "integrity": "sha512-9T0c9NQAEGRujUC7HzPa2/qZ5px/UvB2sfSU5CAKFRrAlDl2gn25B0oUbDqSRHW/IG1X2rnQ3z2bBQkJyJvE4g==",
      "dependencies": [
        "@opentelemetry/api"
      ]
    },
    "@opentelemetry/api@1.9.0": {
      "integrity": "sha512-3giAOQvZiH5F9bMlMiv8+GSPMeqg0dbaeo58/0SlA9sxSqZhnUtxzX9/2FzyhS9sWQf5S0GJE0AKBrFqjpeYcg=="
    },
    "@opentelemetry/auto-instrumentations-web@0.45.0_@opentelemetry+api@1.9.0_zone.js@0.15.0": {
      "integrity": "sha512-2HnaXx8qgJ2wZn4t9S2cI5AWPADTJWMv46YA8+vsgqVPlc6ny0smY0XvSmb2kYVoHxWr2rwQZZi4HTIrgQRq3A==",
      "dependencies": [
        "@opentelemetry/api",
        "@opentelemetry/instrumentation",
        "@opentelemetry/instrumentation-document-load",
        "@opentelemetry/instrumentation-fetch",
        "@opentelemetry/instrumentation-user-interaction",
        "@opentelemetry/instrumentation-xml-http-request",
        "zone.js"
      ]
    },
    "@opentelemetry/context-zone-peer-dep@1.30.0_@opentelemetry+api@1.9.0_zone.js@0.15.0": {
      "integrity": "sha512-5T3cM1f6hnHUodbZK6X61wtRKT4q0dmITJolwXSN5XA55WLpkTY0D6u4WhNYDybvOd6/nWxsSVeACUyMa22few==",
      "dependencies": [
        "@opentelemetry/api",
        "zone.js"
      ]
    },
    "@opentelemetry/context-zone@1.30.0_@opentelemetry+api@1.9.0_zone.js@0.15.0": {
      "integrity": "sha512-iN/l3LJUST1XXTLLoZionIfaBxgMXUnnmbAs4DJa50xHVDn9qvQUfeI0WCfPHetfAUyC0oAYlUycXEtTZE3XIQ==",
      "dependencies": [
        "@opentelemetry/context-zone-peer-dep",
        "zone.js"
      ]
    },
    "@opentelemetry/core@0.25.0_@opentelemetry+api@1.9.0": {
      "integrity": "sha512-8OTWF4vfCENU112XB5ElLqf0eq/FhsY0SBvvY65vB3+fbZ2Oi+CPsRASrUZWGtC9MJ5rK2lBlY+/jI4a/NPPBg==",
      "dependencies": [
        "@opentelemetry/api",
        "@opentelemetry/semantic-conventions@0.25.0",
        "semver"
      ]
    },
    "@opentelemetry/core@1.30.0_@opentelemetry+api@1.9.0": {
      "integrity": "sha512-Q/3u/K73KUjTCnFUP97ZY+pBjQ1kPEgjOfXj/bJl8zW7GbXdkw6cwuyZk6ZTXkVgCBsYRYUzx4fvYK1jxdb9MA==",
      "dependencies": [
        "@opentelemetry/api",
        "@opentelemetry/semantic-conventions@1.28.0"
      ]
    },
    "@opentelemetry/exporter-collector@0.25.0_@opentelemetry+api@1.9.0": {
      "integrity": "sha512-xZYstLt4hz1aTloJaepWdjMMf9305MqwqbUWjcU/X9pOxvgFWRlchO6x/HQTw7ow0i/S+ShzC+greKnb+1WvLA==",
      "dependencies": [
        "@opentelemetry/api",
        "@opentelemetry/api-metrics",
        "@opentelemetry/core@0.25.0_@opentelemetry+api@1.9.0",
        "@opentelemetry/resources@0.25.0_@opentelemetry+api@1.9.0",
        "@opentelemetry/sdk-metrics-base",
        "@opentelemetry/sdk-trace-base@0.25.0_@opentelemetry+api@1.9.0"
      ]
    },
    "@opentelemetry/instrumentation-document-load@0.44.0_@opentelemetry+api@1.9.0": {
      "integrity": "sha512-PccD8BSqhevp9E2Y3EUSelnIMPUbBJtWIEfJSChG17yKwDcf3U8zI8uupJMXXlPwZLyDXe/0zeIhPW0BfdHMiA==",
      "dependencies": [
        "@opentelemetry/api",
        "@opentelemetry/core@1.30.0_@opentelemetry+api@1.9.0",
        "@opentelemetry/instrumentation",
        "@opentelemetry/sdk-trace-web",
        "@opentelemetry/semantic-conventions@1.28.0"
      ]
    },
    "@opentelemetry/instrumentation-fetch@0.57.0_@opentelemetry+api@1.9.0": {
      "integrity": "sha512-z9ivzkoxkZqkjRW6zSywGdnQL2Nmb9WAiW1Pk9klH9BWCGWqfMRjrmaota9eb+izrmYwTcrzsZiQoq2twCpbSg==",
      "dependencies": [
        "@opentelemetry/api",
        "@opentelemetry/core@1.30.0_@opentelemetry+api@1.9.0",
        "@opentelemetry/instrumentation",
        "@opentelemetry/sdk-trace-web",
        "@opentelemetry/semantic-conventions@1.28.0"
      ]
    },
    "@opentelemetry/instrumentation-user-interaction@0.44.0_@opentelemetry+api@1.9.0_zone.js@0.15.0": {
      "integrity": "sha512-GngN5ZKNbbzr4ebdqZHGv2I52+UNSVFKYUvRnnLy8Ei7zPJOzpRkFHhwAfYt8rr+MQgtKs5VB4VrVILr7f/N1w==",
      "dependencies": [
        "@opentelemetry/api",
        "@opentelemetry/core@1.30.0_@opentelemetry+api@1.9.0",
        "@opentelemetry/instrumentation",
        "@opentelemetry/sdk-trace-web",
        "zone.js"
      ]
    },
    "@opentelemetry/instrumentation-xml-http-request@0.57.0_@opentelemetry+api@1.9.0": {
      "integrity": "sha512-kSVsw/dXrx0/ac5gsO/M9aTyawiqM6g0tnXhdGajugLJghYozY7QC6KoIMf3AxmcAcXKDCWWMZpYX1DVimJkRA==",
      "dependencies": [
        "@opentelemetry/api",
        "@opentelemetry/core@1.30.0_@opentelemetry+api@1.9.0",
        "@opentelemetry/instrumentation",
        "@opentelemetry/sdk-trace-web",
        "@opentelemetry/semantic-conventions@1.28.0"
      ]
    },
    "@opentelemetry/instrumentation@0.57.0_@opentelemetry+api@1.9.0": {
      "integrity": "sha512-qIKp+tSCLqofneUWRc5XHtr9jHIq0N0BJfaJamM9gjEFO8sthV4SDXDGNOSAx16PxkbrQJ5/AxMPAGCXl8W/Hg==",
      "dependencies": [
        "@opentelemetry/api",
        "@opentelemetry/api-logs",
        "@types/shimmer",
        "import-in-the-middle",
        "require-in-the-middle",
        "semver",
        "shimmer"
      ]
    },
    "@opentelemetry/propagator-b3@1.30.0_@opentelemetry+api@1.9.0": {
      "integrity": "sha512-lcobQQmd+hLdtxJJKu/i51lNXmF1PJJ7Y9B97ciHRVQuMI260vSZG7Uf4Zg0fqR8PB+fT/7rnlDwS0M7QldZQQ==",
      "dependencies": [
        "@opentelemetry/api",
        "@opentelemetry/core@1.30.0_@opentelemetry+api@1.9.0"
      ]
    },
    "@opentelemetry/resources@0.25.0_@opentelemetry+api@1.9.0": {
      "integrity": "sha512-O46u53vDBlxCML8O9dIjsRcCC2VT5ri1upwhp02ITobgJ16aVD/iScCo1lPl/x2E7yq9uwzMINENiiYZRFb6XA==",
      "dependencies": [
        "@opentelemetry/api",
        "@opentelemetry/core@0.25.0_@opentelemetry+api@1.9.0",
        "@opentelemetry/semantic-conventions@0.25.0"
      ]
    },
    "@opentelemetry/resources@1.30.0_@opentelemetry+api@1.9.0": {
      "integrity": "sha512-5mGMjL0Uld/99t7/pcd7CuVtJbkARckLVuiOX84nO8RtLtIz0/J6EOHM2TGvPZ6F4K+XjUq13gMx14w80SVCQg==",
      "dependencies": [
        "@opentelemetry/api",
        "@opentelemetry/core@1.30.0_@opentelemetry+api@1.9.0",
        "@opentelemetry/semantic-conventions@1.28.0"
      ]
    },
    "@opentelemetry/sdk-metrics-base@0.25.0_@opentelemetry+api@1.9.0": {
      "integrity": "sha512-7fwPlAFB5Xw8mnVQfq0wqKNw3RXiAMad9T1bk5Sza9LK/L6hz8RTuHWCsFMsj+1OOSAaiPFuUMYrK1J75+2IAg==",
      "dependencies": [
        "@opentelemetry/api",
        "@opentelemetry/api-metrics",
        "@opentelemetry/core@0.25.0_@opentelemetry+api@1.9.0",
        "@opentelemetry/resources@0.25.0_@opentelemetry+api@1.9.0",
        "lodash.merge"
      ]
    },
    "@opentelemetry/sdk-trace-base@0.25.0_@opentelemetry+api@1.9.0": {
      "integrity": "sha512-TInkLSF/ThM3GNVM+9tgnCVjyNLnRxvAkG585Fhu0HNwaEtCTUwI0r7AvMRIREOreeRWttBG6kvT0LOKdo8yjw==",
      "dependencies": [
        "@opentelemetry/api",
        "@opentelemetry/core@0.25.0_@opentelemetry+api@1.9.0",
        "@opentelemetry/resources@0.25.0_@opentelemetry+api@1.9.0",
        "@opentelemetry/semantic-conventions@0.25.0",
        "lodash.merge"
      ]
    },
    "@opentelemetry/sdk-trace-base@1.30.0_@opentelemetry+api@1.9.0": {
      "integrity": "sha512-RKQDaDIkV7PwizmHw+rE/FgfB2a6MBx+AEVVlAHXRG1YYxLiBpPX2KhmoB99R5vA4b72iJrjle68NDWnbrE9Dg==",
      "dependencies": [
        "@opentelemetry/api",
        "@opentelemetry/core@1.30.0_@opentelemetry+api@1.9.0",
        "@opentelemetry/resources@1.30.0_@opentelemetry+api@1.9.0",
        "@opentelemetry/semantic-conventions@1.28.0"
      ]
    },
    "@opentelemetry/sdk-trace-web@1.30.0_@opentelemetry+api@1.9.0": {
      "integrity": "sha512-tSsPbaOQqmkfSkRkMnv1T8au2hwlv3v5ZUGmRwc7zIL1hokhZKg5qhqTsvrWvRENlZ7+J9+cXZFKIMNKHodyhQ==",
      "dependencies": [
        "@opentelemetry/api",
        "@opentelemetry/core@1.30.0_@opentelemetry+api@1.9.0",
        "@opentelemetry/sdk-trace-base@1.30.0_@opentelemetry+api@1.9.0",
        "@opentelemetry/semantic-conventions@1.28.0"
      ]
    },
    "@opentelemetry/semantic-conventions@0.25.0": {
      "integrity": "sha512-V3N+MDBiv0TUlorbgiSqk6CvcP876CYUk/41Tg6s8OIyvniTwprE6vPvFQayuABiVkGlHOxv1Mlvp0w4qNdnVg=="
    },
    "@opentelemetry/semantic-conventions@1.28.0": {
      "integrity": "sha512-lp4qAiMTD4sNWW4DbKLBkfiMZ4jbAboJIGOQr5DvciMRI494OapieI9qiODpOt0XBr1LjIDy1xAGAnVs5supTA=="
    },
    "@types/shimmer@1.2.0": {
      "integrity": "sha512-UE7oxhQLLd9gub6JKIAhDq06T0F6FnztwMNRvYgjeQSBeMc1ZG/tA47EwfduvkuQS8apbkM/lpLpWsaCeYsXVg=="
    },
    "acorn-import-attributes@1.9.5_acorn@8.14.0": {
      "integrity": "sha512-n02Vykv5uA3eHGM/Z2dQrcD56kL8TyDb2p1+0P83PClMnC/nc+anbQRhIOWnSq4Ke/KvDPrY3C9hDtC/A3eHnQ==",
      "dependencies": [
        "acorn"
      ]
    },
    "acorn@8.14.0": {
      "integrity": "sha512-cl669nCJTZBsL97OF4kUQm5g5hC2uihk0NxY3WENAC0TYdILVkAyHymAntgxGkl7K+t0cXIrH5siy5S4XkFycA=="
    },
    "agent-base@7.1.3": {
      "integrity": "sha512-jRR5wdylq8CkOe6hei19GGZnxM6rBGwFl3Bg0YItGDimvjGtAvdZk4Pu6Cl4u4Igsws4a1fd1Vq3ezrhn4KmFw=="
    },
    "asynckit@0.4.0": {
      "integrity": "sha512-Oei9OH4tRh0YqU3GxhX79dM/mwVgvbZJaSNaRk+bshkj0S5cfHcgYakreBjrHwatXKbz+IoIdYLxrKim2MjW0Q=="
    },
    "aws-ssl-profiles@1.1.2": {
      "integrity": "sha512-NZKeq9AfyQvEeNlN0zSYAaWrmBffJh3IELMZfRpJVWgrpEbtEpnjvzqBPf+mxoI287JohRDoa+/nsfqqiZmF6g=="
    },
    "chalk@5.4.1": {
      "integrity": "sha512-zgVZuo2WcZgfUEmsn6eO3kINexW8RAE4maiQ8QNs8CtpPCSyMiYsULR3HQYkm3w8FIA3SberyMJMSldGsW+U3w=="
    },
    "cjs-module-lexer@1.4.1": {
      "integrity": "sha512-cuSVIHi9/9E/+821Qjdvngor+xpnlwnuwIyZOaLmHBVdXL+gP+I6QQB9VkO7RI77YIcTV+S1W9AreJ5eN63JBA=="
    },
    "combined-stream@1.0.8": {
      "integrity": "sha512-FQN4MRfuJeHf7cBbBMJFXhKSDq+2kAArBlmRBvcvFE5BB1HZKXtSFASDhdlz9zOYwxh8lDdnvmMOe/+5cdoEdg==",
      "dependencies": [
        "delayed-stream"
      ]
    },
    "cssstyle@4.2.1": {
      "integrity": "sha512-9+vem03dMXG7gDmZ62uqmRiMRNtinIZ9ZyuF6BdxzfOD+FdN5hretzynkn0ReS2DO2GSw76RWHs0UmJPI2zUjw==",
      "dependencies": [
        "@asamuzakjp/css-color",
        "rrweb-cssom"
      ]
    },
    "data-urls@5.0.0": {
      "integrity": "sha512-ZYP5VBHshaDAiVZxjbRVcFJpc+4xGgT0bK3vzy1HLN8jTO975HEbuYzZJcHoQEY5K1a0z8YayJkyVETa08eNTg==",
      "dependencies": [
        "whatwg-mimetype",
        "whatwg-url"
      ]
    },
    "debug@4.4.0": {
      "integrity": "sha512-6WTZ/IxCY/T6BALoZHaE4ctp9xm+Z5kY/pzYaCHRFeyVhojxlrm+46y68HA6hr0TcwEssoxNiDEUJQjfPZ/RYA==",
      "dependencies": [
        "ms"
      ]
    },
    "decimal.js@10.4.3": {
      "integrity": "sha512-VBBaLc1MgL5XpzgIP7ny5Z6Nx3UrRkIViUkPUdtl9aya5amy3De1gsUUSB1g3+3sExYNjCAsAznmukyxCb1GRA=="
    },
    "delayed-stream@1.0.0": {
      "integrity": "sha512-ZySD7Nf91aLB0RxL4KGrKHBXl7Eds1DAmEdcoVawXnLD7SDhpNgtuII2aAkg7a7QS41jxPSZ17p4VdGnMHk3MQ=="
    },
    "denque@2.1.0": {
      "integrity": "sha512-HVQE3AAb/pxF8fQAoiqpvg9i3evqug3hoiwakOyZAwJm+6vZehbkYXZ0l4JxS+I3QxM97v5aaRNhj8v5oBhekw=="
    },
    "entities@4.5.0": {
      "integrity": "sha512-V0hjH4dGPh9Ao5p0MoRY6BVqtwCjhz6vI5LT8AJ55H+4g9/4vbHx1I54fS0XuclLhDHArPQCiMjDxjaL8fPxhw=="
    },
    "form-data@4.0.1": {
      "integrity": "sha512-tzN8e4TX8+kkxGPK8D5u0FNmjPUjw3lwC9lSLxxoB/+GtsJG91CO8bSWy73APlgAZzZbXEYZJuxjkHH2w+Ezhw==",
      "dependencies": [
        "asynckit",
        "combined-stream",
        "mime-types"
      ]
    },
    "function-bind@1.1.2": {
      "integrity": "sha512-7XHNxH7qX9xG5mIwxkhumTox/MIRNcOgDrxWsMt2pAr23WHp6MrRlN7FBSFpCpr+oVO0F744iUgR82nJMfG2SA=="
    },
    "generate-function@2.3.1": {
      "integrity": "sha512-eeB5GfMNeevm/GRYq20ShmsaGcmI81kIX2K9XQx5miC8KdHaC6Jm0qQ8ZNeGOi7wYB8OsdxKs+Y2oVuTFuVwKQ==",
      "dependencies": [
        "is-property"
      ]
    },
    "hasown@2.0.2": {
      "integrity": "sha512-0hJU9SCPvmMzIBdZFqNPXWa6dqh7WdH0cII9y+CyS8rG3nL48Bclra9HmKhVVUHyPWNH5Y7xDwAB7bfgSjkUMQ==",
      "dependencies": [
        "function-bind"
      ]
    },
    "html-encoding-sniffer@4.0.0": {
      "integrity": "sha512-Y22oTqIU4uuPgEemfz7NDJz6OeKf12Lsu+QC+s3BVpda64lTiMYCyGwg5ki4vFxkMwQdeZDl2adZoqUgdFuTgQ==",
      "dependencies": [
        "whatwg-encoding"
      ]
    },
    "http-proxy-agent@7.0.2": {
      "integrity": "sha512-T1gkAiYYDWYx3V5Bmyu7HcfcvL7mUrTWiM6yOfa3PIphViJ/gFPbvidQ+veqSOHci/PxBcDabeUNCzpOODJZig==",
      "dependencies": [
        "agent-base",
        "debug"
      ]
    },
    "https-proxy-agent@7.0.6": {
      "integrity": "sha512-vK9P5/iUfdl95AI+JVyUuIcVtd4ofvtrOr3HNtM2yxC9bnMbEdp3x01OhQNnjb8IJYi38VlTE3mBXwcfvywuSw==",
      "dependencies": [
        "agent-base",
        "debug"
      ]
    },
    "iconv-lite@0.6.3": {
      "integrity": "sha512-4fCk79wshMdzMp2rH06qWrJE4iolqLhCUH+OiuIgU++RB0+94NlDL81atO7GX55uUKueo0txHNtvEyI6D7WdMw==",
      "dependencies": [
        "safer-buffer"
      ]
    },
    "import-in-the-middle@1.12.0_acorn@8.14.0": {
      "integrity": "sha512-yAgSE7GmtRcu4ZUSFX/4v69UGXwugFFSdIQJ14LHPOPPQrWv8Y7O9PHsw8Ovk7bKCLe4sjXMbZFqGFcLHpZ89w==",
      "dependencies": [
        "acorn",
        "acorn-import-attributes",
        "cjs-module-lexer",
        "module-details-from-path"
      ]
    },
    "is-core-module@2.16.1": {
      "integrity": "sha512-UfoeMA6fIJ8wTYFEUjelnaGI67v6+N7qXJEvQuIGa99l4xsCruSYOVSQ0uPANn4dAzm8lkYPaKLrrijLq7x23w==",
      "dependencies": [
        "hasown"
      ]
    },
    "is-potential-custom-element-name@1.0.1": {
      "integrity": "sha512-bCYeRA2rVibKZd+s2625gGnGF/t7DSqDs4dP7CrLA1m7jKWz6pps0LpYLJN8Q64HtmPKJ1hrN3nzPNKFEKOUiQ=="
    },
    "is-property@1.0.2": {
      "integrity": "sha512-Ks/IoX00TtClbGQr4TWXemAnktAQvYB7HzcCxDGqEZU6oCmb2INHuOoKxbtR+HFkmYWBKv/dOZtGRiAjDhj92g=="
    },
    "jsdom@26.0.0": {
      "integrity": "sha512-BZYDGVAIriBWTpIxYzrXjv3E/4u8+/pSG5bQdIYCbNCGOvsPkDQfTVLAIXAf9ETdCpduCVTkDe2NNZ8NIwUVzw==",
      "dependencies": [
        "cssstyle",
        "data-urls",
        "decimal.js",
        "form-data",
        "html-encoding-sniffer",
        "http-proxy-agent",
        "https-proxy-agent",
        "is-potential-custom-element-name",
        "nwsapi",
        "parse5",
        "rrweb-cssom",
        "saxes",
        "symbol-tree",
        "tough-cookie",
        "w3c-xmlserializer",
        "webidl-conversions",
        "whatwg-encoding",
        "whatwg-mimetype",
        "whatwg-url",
        "ws",
        "xml-name-validator"
      ]
    },
    "lodash.merge@4.6.2": {
      "integrity": "sha512-0KpjqXRVvrYyCsX1swR/XTK0va6VQkQM6MNo7PqW77ByjAhoARA8EfrP1N4+KlKj8YS0ZUCtRT/YUuhyYDujIQ=="
    },
    "long@5.2.3": {
      "integrity": "sha512-lcHwpNoggQTObv5apGNCTdJrO69eHOZMi4BNC+rTLER8iHAqGrUVeLh/irVIM7zTw2bOXA8T6uNPeujwOLg/2Q=="
    },
    "lru-cache@11.0.2": {
      "integrity": "sha512-123qHRfJBmo2jXDbo/a5YOQrJoHF/GNQTLzQ5+IdK5pWpceK17yRc6ozlWd25FxvGKQbIUs91fDFkXmDHTKcyA=="
    },
    "lru-cache@7.18.3": {
      "integrity": "sha512-jumlc0BIUrS3qJGgIkWZsyfAM7NCWiBcCDhnd+3NNM5KbBmLTgHVfWBcg6W+rLUsIpzpERPsvwUP7CckAQSOoA=="
    },
    "lru.min@1.1.1": {
      "integrity": "sha512-FbAj6lXil6t8z4z3j0E5mfRlPzxkySotzUHwRXjlpRh10vc6AI6WN62ehZj82VG7M20rqogJ0GLwar2Xa05a8Q=="
    },
    "marked@15.0.6": {
      "integrity": "sha512-Y07CUOE+HQXbVDCGl3LXggqJDbXDP2pArc2C1N1RRMN0ONiShoSsIInMd5Gsxupe7fKLpgimTV+HOJ9r7bA+pg=="
    },
    "mime-db@1.52.0": {
      "integrity": "sha512-sPU4uV7dYlvtWJxwwxHD0PuihVNiE7TyAbQ5SWxDCB9mUYvOgroQOwYQQOKPJ8CIbE+1ETVlOoK1UC2nU3gYvg=="
    },
    "mime-types@2.1.35": {
      "integrity": "sha512-ZDY+bPm5zTTF+YpCrAU9nK0UgICYPT0QtT1NZWFv4s++TNkcgVaT0g6+4R2uI4MjQjzysHB1zxuWL50hzaeXiw==",
      "dependencies": [
        "mime-db"
      ]
    },
    "module-details-from-path@1.0.3": {
      "integrity": "sha512-ySViT69/76t8VhE1xXHK6Ch4NcDd26gx0MzKXLO+F7NOtnqH68d9zF94nT8ZWSxXh8ELOERsnJO/sWt1xZYw5A=="
    },
    "ms@2.1.3": {
      "integrity": "sha512-6FlzubTLZG3J2a/NVCAleEhjzq5oxgHyaCU9yYXvcLsvoVaHJq/s5xXI6/XXP6tz7R9xAOtHnSO/tXtF3WRTlA=="
    },
    "mysql2@3.12.0": {
      "integrity": "sha512-C8fWhVysZoH63tJbX8d10IAoYCyXy4fdRFz2Ihrt9jtPILYynFEKUUzpp1U7qxzDc3tMbotvaBH+sl6bFnGZiw==",
      "dependencies": [
        "aws-ssl-profiles",
        "denque",
        "generate-function",
        "iconv-lite",
        "long",
        "lru.min",
        "named-placeholders",
        "seq-queue",
        "sqlstring"
      ]
    },
    "named-placeholders@1.1.3": {
      "integrity": "sha512-eLoBxg6wE/rZkJPhU/xRX1WTpkFEwDJEN96oxFrTsqBdbT5ec295Q+CoHrL9IT0DipqKhmGcaZmwOt8OON5x1w==",
      "dependencies": [
        "lru-cache@7.18.3"
      ]
    },
    "nwsapi@2.2.16": {
      "integrity": "sha512-F1I/bimDpj3ncaNDhfyMWuFqmQDBwDB0Fogc2qpL3BWvkQteFD/8BzWuIRl83rq0DXfm8SGt/HFhLXZyljTXcQ=="
    },
    "parse5@7.2.1": {
      "integrity": "sha512-BuBYQYlv1ckiPdQi/ohiivi9Sagc9JG+Ozs0r7b/0iK3sKmrb0b9FdWdBbOdx6hBCM/F9Ir82ofnBhtZOjCRPQ==",
      "dependencies": [
        "entities"
      ]
    },
    "path-parse@1.0.7": {
      "integrity": "sha512-LDJzPVEEEPR+y48z93A0Ed0yXb8pAByGWo/k5YYdYgpY2/2EsOsksJrq7lOHxryrVOn1ejG6oAp8ahvOIQD8sw=="
    },
    "punycode@2.3.1": {
      "integrity": "sha512-vYt7UD1U9Wg6138shLtLOvdAu+8DsC/ilFtEVHcH+wydcSpNE20AfSOduf6MkRFahL5FY7X1oU7nKVZFtfq8Fg=="
    },
    "require-in-the-middle@7.4.0": {
      "integrity": "sha512-X34iHADNbNDfr6OTStIAHWSAvvKQRYgLO6duASaVf7J2VA3lvmNYboAHOuLC2huav1IwgZJtyEcJCKVzFxOSMQ==",
      "dependencies": [
        "debug",
        "module-details-from-path",
        "resolve"
      ]
    },
    "resolve@1.22.10": {
      "integrity": "sha512-NPRy+/ncIMeDlTAsuqwKIiferiawhefFJtkNSW0qZJEqMEb+qBt/77B/jGeeek+F0uOeN05CDa6HXbbIgtVX4w==",
      "dependencies": [
        "is-core-module",
        "path-parse",
        "supports-preserve-symlinks-flag"
      ]
    },
    "rrweb-cssom@0.8.0": {
      "integrity": "sha512-guoltQEx+9aMf2gDZ0s62EcV8lsXR+0w8915TC3ITdn2YueuNjdAYh/levpU9nFaoChh9RUS5ZdQMrKfVEN9tw=="
    },
    "safer-buffer@2.1.2": {
      "integrity": "sha512-YZo3K82SD7Riyi0E1EQPojLz7kpepnSQI9IyPbHHg1XXXevb5dJI7tpyN2ADxGcQbHG7vcyRHk0cbwqcQriUtg=="
    },
    "saxes@6.0.0": {
      "integrity": "sha512-xAg7SOnEhrm5zI3puOOKyy1OMcMlIJZYNJY7xLBwSze0UjhPLnWfj2GF2EpT0jmzaJKIWKHLsaSSajf35bcYnA==",
      "dependencies": [
        "xmlchars"
      ]
    },
    "semver@7.6.3": {
      "integrity": "sha512-oVekP1cKtI+CTDvHWYFUcMtsK/00wmAEfyqKfNdARm8u1wNVhSgaX7A8d4UuIlUI5e84iEwOhs7ZPYRmzU9U6A=="
    },
    "seq-queue@0.0.5": {
      "integrity": "sha512-hr3Wtp/GZIc/6DAGPDcV4/9WoZhjrkXsi5B/07QgX8tsdc6ilr7BFM6PM6rbdAX1kFSDYeZGLipIZZKyQP0O5Q=="
    },
    "shimmer@1.2.1": {
      "integrity": "sha512-sQTKC1Re/rM6XyFM6fIAGHRPVGvyXfgzIDvzoq608vM+jeyVD0Tu1E6Np0Kc2zAIFWIj963V2800iF/9LPieQw=="
    },
    "sqlstring@2.3.3": {
      "integrity": "sha512-qC9iz2FlN7DQl3+wjwn3802RTyjCx7sDvfQEXchwa6CWOx07/WVfh91gBmQ9fahw8snwGEWU3xGzOt4tFyHLxg=="
    },
    "supports-preserve-symlinks-flag@1.0.0": {
      "integrity": "sha512-ot0WnXS9fgdkgIcePe6RHNk1WA8+muPa6cSjeR3V8K27q9BB1rTE3R1p7Hv0z1ZyAc8s6Vvv8DIyWf681MAt0w=="
    },
    "symbol-tree@3.2.4": {
      "integrity": "sha512-9QNk5KwDF+Bvz+PyObkmSYjI5ksVUYtjW7AU22r2NKcfLJcXp96hkDWU3+XndOsUb+AQ9QhfzfCT2O+CNWT5Tw=="
    },
    "tldts-core@6.1.71": {
      "integrity": "sha512-LRbChn2YRpic1KxY+ldL1pGXN/oVvKfCVufwfVzEQdFYNo39uF7AJa/WXdo+gYO7PTvdfkCPCed6Hkvz/kR7jg=="
    },
    "tldts@6.1.71": {
      "integrity": "sha512-LQIHmHnuzfZgZWAf2HzL83TIIrD8NhhI0DVxqo9/FdOd4ilec+NTNZOlDZf7EwrTNoutccbsHjvWHYXLAtvxjw==",
      "dependencies": [
        "tldts-core"
      ]
    },
    "tough-cookie@5.1.0": {
      "integrity": "sha512-rvZUv+7MoBYTiDmFPBrhL7Ujx9Sk+q9wwm22x8c8T5IJaR+Wsyc7TNxbVxo84kZoRJZZMazowFLqpankBEQrGg==",
      "dependencies": [
        "tldts"
      ]
    },
    "tr46@5.0.0": {
      "integrity": "sha512-tk2G5R2KRwBd+ZN0zaEXpmzdKyOYksXwywulIX95MBODjSzMIuQnQ3m8JxgbhnL1LeVo7lqQKsYa1O3Htl7K5g==",
      "dependencies": [
        "punycode"
      ]
    },
    "w3c-xmlserializer@5.0.0": {
      "integrity": "sha512-o8qghlI8NZHU1lLPrpi2+Uq7abh4GGPpYANlalzWxyWteJOCsr/P+oPBA49TOLu5FTZO4d3F9MnWJfiMo4BkmA==",
      "dependencies": [
        "xml-name-validator"
      ]
    },
    "webidl-conversions@7.0.0": {
      "integrity": "sha512-VwddBukDzu71offAQR975unBIGqfKZpM+8ZX6ySk8nYhVoo5CYaZyzt3YBvYtRtO+aoGlqxPg/B87NGVZ/fu6g=="
    },
    "whatwg-encoding@3.1.1": {
      "integrity": "sha512-6qN4hJdMwfYBtE3YBTTHhoeuUrDBPZmbQaxWAqSALV/MeEnR5z1xd8UKud2RAkFoPkmB+hli1TZSnyi84xz1vQ==",
      "dependencies": [
        "iconv-lite"
      ]
    },
    "whatwg-mimetype@4.0.0": {
      "integrity": "sha512-QaKxh0eNIi2mE9p2vEdzfagOKHCcj1pJ56EEHGQOVxp8r9/iszLUUV7v89x9O1p/T+NlTM5W7jW6+cz4Fq1YVg=="
    },
    "whatwg-url@14.1.0": {
      "integrity": "sha512-jlf/foYIKywAt3x/XWKZ/3rz8OSJPiWktjmk891alJUEjiVxKX9LEO92qH3hv4aJ0mN3MWPvGMCy8jQi95xK4w==",
      "dependencies": [
        "tr46",
        "webidl-conversions"
      ]
    },
    "ws@8.18.0": {
      "integrity": "sha512-8VbfWfHLbbwu3+N6OKsOMpBdT4kXPDDB9cJk2bJ6mh9ucxdlnNvH1e+roYkKmN9Nxw2yjz7VzeO9oOz2zJ04Pw=="
    },
    "xml-name-validator@5.0.0": {
      "integrity": "sha512-EvGK8EJ3DhaHfbRlETOWAS5pO9MZITeauHKJyb8wyajUfQUenkIg2MvLDTZ4T/TgIcm3HU0TFBgWWboAZ30UHg=="
    },
    "xmlchars@2.2.0": {
      "integrity": "sha512-JZnDKK8B0RCDw84FNdDAIpZK+JuJw+s7Lz8nksI7SIuU3UXJJslUthsi+uWBUYOwPFwW7W7PRLRfUKpxjtjFCw=="
    },
    "zone.js@0.15.0": {
      "integrity": "sha512-9oxn0IIjbCZkJ67L+LkhYWRyAy7axphb3VgE2MBDlOqnmHMPWGYMxJxBYFueFq/JGY2GMwS0rU+UCLunEmy5UA=="
    }
  },
  "workspace": {
    "dependencies": [
      "jsr:@std/log@~0.224.13",
      "npm:@opentelemetry/api@^1.9.0",
      "npm:chalk@^5.4.1",
      "npm:mysql2@^3.12.0"
    ],
    "members": {
      "src/typewriter/modules/markdown": {
        "dependencies": [
          "npm:marked@^15.0.6"
        ]
      }
    }
  }
}
